// !$*UTF8*$!
{
	archiveVersion = 1;
	classes = {
	};
	objectVersion = 50;
	objects = {

/* Begin PBXBuildFile section */
		C8DEE503217DE365005FBC72 /* AppDelegate.swift in Sources */ = {isa = PBXBuildFile; fileRef = C8DEE502217DE365005FBC72 /* AppDelegate.swift */; };
		C8DEE505217DE365005FBC72 /* ViewController.swift in Sources */ = {isa = PBXBuildFile; fileRef = C8DEE504217DE365005FBC72 /* ViewController.swift */; };
		C8DEE508217DE365005FBC72 /* Main.storyboard in Resources */ = {isa = PBXBuildFile; fileRef = C8DEE506217DE365005FBC72 /* Main.storyboard */; };
		C8DEE50A217DE367005FBC72 /* Assets.xcassets in Resources */ = {isa = PBXBuildFile; fileRef = C8DEE509217DE367005FBC72 /* Assets.xcassets */; };
		C8DEE50D217DE367005FBC72 /* LaunchScreen.storyboard in Resources */ = {isa = PBXBuildFile; fileRef = C8DEE50B217DE367005FBC72 /* LaunchScreen.storyboard */; };
		C8DEE518217DE367005FBC72 /* TestCodeClimateTests.swift in Sources */ = {isa = PBXBuildFile; fileRef = C8DEE517217DE367005FBC72 /* TestCodeClimateTests.swift */; };
		C8DEE523217DE3AA005FBC72 /* Model.swift in Sources */ = {isa = PBXBuildFile; fileRef = C8DEE522217DE3AA005FBC72 /* Model.swift */; };
/* End PBXBuildFile section */

/* Begin PBXContainerItemProxy section */
		C8DEE514217DE367005FBC72 /* PBXContainerItemProxy */ = {
			isa = PBXContainerItemProxy;
			containerPortal = C8DEE4F7217DE365005FBC72 /* Project object */;
			proxyType = 1;
			remoteGlobalIDString = C8DEE4FE217DE365005FBC72;
			remoteInfo = TestCodeClimate;
		};
/* End PBXContainerItemProxy section */

/* Begin PBXFileReference section */
		C8DEE4FF217DE365005FBC72 /* TestCodeClimate.app */ = {isa = PBXFileReference; explicitFileType = wrapper.application; includeInIndex = 0; path = TestCodeClimate.app; sourceTree = BUILT_PRODUCTS_DIR; };
		C8DEE502217DE365005FBC72 /* AppDelegate.swift */ = {isa = PBXFileReference; lastKnownFileType = sourcecode.swift; path = AppDelegate.swift; sourceTree = "<group>"; };
		C8DEE504217DE365005FBC72 /* ViewController.swift */ = {isa = PBXFileReference; lastKnownFileType = sourcecode.swift; path = ViewController.swift; sourceTree = "<group>"; };
		C8DEE507217DE365005FBC72 /* Base */ = {isa = PBXFileReference; lastKnownFileType = file.storyboard; name = Base; path = Base.lproj/Main.storyboard; sourceTree = "<group>"; };
		C8DEE509217DE367005FBC72 /* Assets.xcassets */ = {isa = PBXFileReference; lastKnownFileType = folder.assetcatalog; path = Assets.xcassets; sourceTree = "<group>"; };
		C8DEE50C217DE367005FBC72 /* Base */ = {isa = PBXFileReference; lastKnownFileType = file.storyboard; name = Base; path = Base.lproj/LaunchScreen.storyboard; sourceTree = "<group>"; };
		C8DEE50E217DE367005FBC72 /* Info.plist */ = {isa = PBXFileReference; lastKnownFileType = text.plist.xml; path = Info.plist; sourceTree = "<group>"; };
		C8DEE513217DE367005FBC72 /* TestCodeClimateTests.xctest */ = {isa = PBXFileReference; explicitFileType = wrapper.cfbundle; includeInIndex = 0; path = TestCodeClimateTests.xctest; sourceTree = BUILT_PRODUCTS_DIR; };
		C8DEE517217DE367005FBC72 /* TestCodeClimateTests.swift */ = {isa = PBXFileReference; lastKnownFileType = sourcecode.swift; path = TestCodeClimateTests.swift; sourceTree = "<group>"; };
		C8DEE519217DE367005FBC72 /* Info.plist */ = {isa = PBXFileReference; lastKnownFileType = text.plist.xml; path = Info.plist; sourceTree = "<group>"; };
		C8DEE522217DE3AA005FBC72 /* Model.swift */ = {isa = PBXFileReference; lastKnownFileType = sourcecode.swift; path = Model.swift; sourceTree = "<group>"; };
/* End PBXFileReference section */

/* Begin PBXFrameworksBuildPhase section */
		C8DEE4FC217DE365005FBC72 /* Frameworks */ = {
			isa = PBXFrameworksBuildPhase;
			buildActionMask = 2147483647;
			files = (
			);
			runOnlyForDeploymentPostprocessing = 0;
		};
		C8DEE510217DE367005FBC72 /* Frameworks */ = {
			isa = PBXFrameworksBuildPhase;
			buildActionMask = 2147483647;
			files = (
			);
			runOnlyForDeploymentPostprocessing = 0;
		};
/* End PBXFrameworksBuildPhase section */

/* Begin PBXGroup section */
		C8DEE4F6217DE365005FBC72 = {
			isa = PBXGroup;
			children = (
				C8DEE501217DE365005FBC72 /* TestCodeClimate */,
				C8DEE516217DE367005FBC72 /* TestCodeClimateTests */,
				C8DEE500217DE365005FBC72 /* Products */,
			);
			sourceTree = "<group>";
		};
		C8DEE500217DE365005FBC72 /* Products */ = {
			isa = PBXGroup;
			children = (
				C8DEE4FF217DE365005FBC72 /* TestCodeClimate.app */,
				C8DEE513217DE367005FBC72 /* TestCodeClimateTests.xctest */,
			);
			name = Products;
			sourceTree = "<group>";
		};
		C8DEE501217DE365005FBC72 /* TestCodeClimate */ = {
			isa = PBXGroup;
			children = (
				C8DEE502217DE365005FBC72 /* AppDelegate.swift */,
				C8DEE504217DE365005FBC72 /* ViewController.swift */,
				C8DEE506217DE365005FBC72 /* Main.storyboard */,
				C8DEE509217DE367005FBC72 /* Assets.xcassets */,
				C8DEE50B217DE367005FBC72 /* LaunchScreen.storyboard */,
				C8DEE50E217DE367005FBC72 /* Info.plist */,
				C8DEE522217DE3AA005FBC72 /* Model.swift */,
			);
			path = TestCodeClimate;
			sourceTree = "<group>";
		};
		C8DEE516217DE367005FBC72 /* TestCodeClimateTests */ = {
			isa = PBXGroup;
			children = (
				C8DEE517217DE367005FBC72 /* TestCodeClimateTests.swift */,
				C8DEE519217DE367005FBC72 /* Info.plist */,
			);
			path = TestCodeClimateTests;
			sourceTree = "<group>";
		};
/* End PBXGroup section */

/* Begin PBXNativeTarget section */
		C8DEE4FE217DE365005FBC72 /* TestCodeClimate */ = {
			isa = PBXNativeTarget;
			buildConfigurationList = C8DEE51C217DE367005FBC72 /* Build configuration list for PBXNativeTarget "TestCodeClimate" */;
			buildPhases = (
				C8DEE4FB217DE365005FBC72 /* Sources */,
				C8DEE4FC217DE365005FBC72 /* Frameworks */,
				C8DEE4FD217DE365005FBC72 /* Resources */,
			);
			buildRules = (
			);
			dependencies = (
			);
			name = TestCodeClimate;
			productName = TestCodeClimate;
			productReference = C8DEE4FF217DE365005FBC72 /* TestCodeClimate.app */;
			productType = "com.apple.product-type.application";
		};
		C8DEE512217DE367005FBC72 /* TestCodeClimateTests */ = {
			isa = PBXNativeTarget;
			buildConfigurationList = C8DEE51F217DE367005FBC72 /* Build configuration list for PBXNativeTarget "TestCodeClimateTests" */;
			buildPhases = (
				C8DEE50F217DE367005FBC72 /* Sources */,
				C8DEE510217DE367005FBC72 /* Frameworks */,
				C8DEE511217DE367005FBC72 /* Resources */,
			);
			buildRules = (
			);
			dependencies = (
				C8DEE515217DE367005FBC72 /* PBXTargetDependency */,
			);
			name = TestCodeClimateTests;
			productName = TestCodeClimateTests;
			productReference = C8DEE513217DE367005FBC72 /* TestCodeClimateTests.xctest */;
			productType = "com.apple.product-type.bundle.unit-test";
		};
/* End PBXNativeTarget section */

/* Begin PBXProject section */
		C8DEE4F7217DE365005FBC72 /* Project object */ = {
			isa = PBXProject;
			attributes = {
				LastSwiftUpdateCheck = 1000;
				LastUpgradeCheck = 1000;
				ORGANIZATIONNAME = SH;
				TargetAttributes = {
					C8DEE4FE217DE365005FBC72 = {
						CreatedOnToolsVersion = 10.0;
					};
					C8DEE512217DE367005FBC72 = {
						CreatedOnToolsVersion = 10.0;
						TestTargetID = C8DEE4FE217DE365005FBC72;
					};
				};
			};
			buildConfigurationList = C8DEE4FA217DE365005FBC72 /* Build configuration list for PBXProject "TestCodeClimate" */;
			compatibilityVersion = "Xcode 9.3";
			developmentRegion = en;
			hasScannedForEncodings = 0;
			knownRegions = (
				en,
				Base,
			);
			mainGroup = C8DEE4F6217DE365005FBC72;
			productRefGroup = C8DEE500217DE365005FBC72 /* Products */;
			projectDirPath = "";
			projectRoot = "";
			targets = (
				C8DEE4FE217DE365005FBC72 /* TestCodeClimate */,
				C8DEE512217DE367005FBC72 /* TestCodeClimateTests */,
			);
		};
/* End PBXProject section */

/* Begin PBXResourcesBuildPhase section */
		C8DEE4FD217DE365005FBC72 /* Resources */ = {
			isa = PBXResourcesBuildPhase;
			buildActionMask = 2147483647;
			files = (
				C8DEE50D217DE367005FBC72 /* LaunchScreen.storyboard in Resources */,
				C8DEE50A217DE367005FBC72 /* Assets.xcassets in Resources */,
				C8DEE508217DE365005FBC72 /* Main.storyboard in Resources */,
			);
			runOnlyForDeploymentPostprocessing = 0;
		};
		C8DEE511217DE367005FBC72 /* Resources */ = {
			isa = PBXResourcesBuildPhase;
			buildActionMask = 2147483647;
			files = (
			);
			runOnlyForDeploymentPostprocessing = 0;
		};
/* End PBXResourcesBuildPhase section */

/* Begin PBXSourcesBuildPhase section */
		C8DEE4FB217DE365005FBC72 /* Sources */ = {
			isa = PBXSourcesBuildPhase;
			buildActionMask = 2147483647;
			files = (
				C8DEE523217DE3AA005FBC72 /* Model.swift in Sources */,
				C8DEE505217DE365005FBC72 /* ViewController.swift in Sources */,
				C8DEE503217DE365005FBC72 /* AppDelegate.swift in Sources */,
			);
			runOnlyForDeploymentPostprocessing = 0;
		};
		C8DEE50F217DE367005FBC72 /* Sources */ = {
			isa = PBXSourcesBuildPhase;
			buildActionMask = 2147483647;
			files = (
				C8DEE518217DE367005FBC72 /* TestCodeClimateTests.swift in Sources */,
			);
			runOnlyForDeploymentPostprocessing = 0;
		};
/* End PBXSourcesBuildPhase section */

/* Begin PBXTargetDependency section */
		C8DEE515217DE367005FBC72 /* PBXTargetDependency */ = {
			isa = PBXTargetDependency;
			target = C8DEE4FE217DE365005FBC72 /* TestCodeClimate */;
			targetProxy = C8DEE514217DE367005FBC72 /* PBXContainerItemProxy */;
		};
/* End PBXTargetDependency section */

/* Begin PBXVariantGroup section */
		C8DEE506217DE365005FBC72 /* Main.storyboard */ = {
			isa = PBXVariantGroup;
			children = (
				C8DEE507217DE365005FBC72 /* Base */,
			);
			name = Main.storyboard;
			sourceTree = "<group>";
		};
		C8DEE50B217DE367005FBC72 /* LaunchScreen.storyboard */ = {
			isa = PBXVariantGroup;
			children = (
				C8DEE50C217DE367005FBC72 /* Base */,
			);
			name = LaunchScreen.storyboard;
			sourceTree = "<group>";
		};
/* End PBXVariantGroup section */

/* Begin XCBuildConfiguration section */
		C8DEE51A217DE367005FBC72 /* Debug */ = {
			isa = XCBuildConfiguration;
			buildSettings = {
				ALWAYS_SEARCH_USER_PATHS = NO;
				CLANG_ANALYZER_NONNULL = YES;
				CLANG_ANALYZER_NUMBER_OBJECT_CONVERSION = YES_AGGRESSIVE;
				CLANG_CXX_LANGUAGE_STANDARD = "gnu++14";
				CLANG_CXX_LIBRARY = "libc++";
				CLANG_ENABLE_MODULES = YES;
				CLANG_ENABLE_OBJC_ARC = YES;
				CLANG_ENABLE_OBJC_WEAK = YES;
				CLANG_WARN_BLOCK_CAPTURE_AUTORELEASING = YES;
				CLANG_WARN_BOOL_CONVERSION = YES;
				CLANG_WARN_COMMA = YES;
				CLANG_WARN_CONSTANT_CONVERSION = YES;
				CLANG_WARN_DEPRECATED_OBJC_IMPLEMENTATIONS = YES;
				CLANG_WARN_DIRECT_OBJC_ISA_USAGE = YES_ERROR;
				CLANG_WARN_DOCUMENTATION_COMMENTS = YES;
				CLANG_WARN_EMPTY_BODY = YES;
				CLANG_WARN_ENUM_CONVERSION = YES;
				CLANG_WARN_INFINITE_RECURSION = YES;
				CLANG_WARN_INT_CONVERSION = YES;
				CLANG_WARN_NON_LITERAL_NULL_CONVERSION = YES;
				CLANG_WARN_OBJC_IMPLICIT_RETAIN_SELF = YES;
				CLANG_WARN_OBJC_LITERAL_CONVERSION = YES;
				CLANG_WARN_OBJC_ROOT_CLASS = YES_ERROR;
				CLANG_WARN_RANGE_LOOP_ANALYSIS = YES;
				CLANG_WARN_STRICT_PROTOTYPES = YES;
				CLANG_WARN_SUSPICIOUS_MOVE = YES;
				CLANG_WARN_UNGUARDED_AVAILABILITY = YES_AGGRESSIVE;
				CLANG_WARN_UNREACHABLE_CODE = YES;
				CLANG_WARN__DUPLICATE_METHOD_MATCH = YES;
				CODE_SIGN_IDENTITY = "iPhone Developer";
				COPY_PHASE_STRIP = NO;
				DEBUG_INFORMATION_FORMAT = dwarf;
				ENABLE_STRICT_OBJC_MSGSEND = YES;
				ENABLE_TESTABILITY = YES;
				GCC_C_LANGUAGE_STANDARD = gnu11;
				GCC_DYNAMIC_NO_PIC = NO;
				GCC_NO_COMMON_BLOCKS = YES;
				GCC_OPTIMIZATION_LEVEL = 0;
				GCC_PREPROCESSOR_DEFINITIONS = (
					"DEBUG=1",
					"$(inherited)",
				);
				GCC_WARN_64_TO_32_BIT_CONVERSION = YES;
				GCC_WARN_ABOUT_RETURN_TYPE = YES_ERROR;
				GCC_WARN_UNDECLARED_SELECTOR = YES;
				GCC_WARN_UNINITIALIZED_AUTOS = YES_AGGRESSIVE;
				GCC_WARN_UNUSED_FUNCTION = YES;
				GCC_WARN_UNUSED_VARIABLE = YES;
				IPHONEOS_DEPLOYMENT_TARGET = 12.0;
				MTL_ENABLE_DEBUG_INFO = INCLUDE_SOURCE;
				MTL_FAST_MATH = YES;
				ONLY_ACTIVE_ARCH = YES;
				SDKROOT = iphoneos;
				SWIFT_ACTIVE_COMPILATION_CONDITIONS = DEBUG;
				SWIFT_OPTIMIZATION_LEVEL = "-Onone";
			};
			name = Debug;
		};
		C8DEE51B217DE367005FBC72 /* Release */ = {
			isa = XCBuildConfiguration;
			buildSettings = {
				ALWAYS_SEARCH_USER_PATHS = NO;
				CLANG_ANALYZER_NONNULL = YES;
				CLANG_ANALYZER_NUMBER_OBJECT_CONVERSION = YES_AGGRESSIVE;
				CLANG_CXX_LANGUAGE_STANDARD = "gnu++14";
				CLANG_CXX_LIBRARY = "libc++";
				CLANG_ENABLE_MODULES = YES;
				CLANG_ENABLE_OBJC_ARC = YES;
				CLANG_ENABLE_OBJC_WEAK = YES;
				CLANG_WARN_BLOCK_CAPTURE_AUTORELEASING = YES;
				CLANG_WARN_BOOL_CONVERSION = YES;
				CLANG_WARN_COMMA = YES;
				CLANG_WARN_CONSTANT_CONVERSION = YES;
				CLANG_WARN_DEPRECATED_OBJC_IMPLEMENTATIONS = YES;
				CLANG_WARN_DIRECT_OBJC_ISA_USAGE = YES_ERROR;
				CLANG_WARN_DOCUMENTATION_COMMENTS = YES;
				CLANG_WARN_EMPTY_BODY = YES;
				CLANG_WARN_ENUM_CONVERSION = YES;
				CLANG_WARN_INFINITE_RECURSION = YES;
				CLANG_WARN_INT_CONVERSION = YES;
				CLANG_WARN_NON_LITERAL_NULL_CONVERSION = YES;
				CLANG_WARN_OBJC_IMPLICIT_RETAIN_SELF = YES;
				CLANG_WARN_OBJC_LITERAL_CONVERSION = YES;
				CLANG_WARN_OBJC_ROOT_CLASS = YES_ERROR;
				CLANG_WARN_RANGE_LOOP_ANALYSIS = YES;
				CLANG_WARN_STRICT_PROTOTYPES = YES;
				CLANG_WARN_SUSPICIOUS_MOVE = YES;
				CLANG_WARN_UNGUARDED_AVAILABILITY = YES_AGGRESSIVE;
				CLANG_WARN_UNREACHABLE_CODE = YES;
				CLANG_WARN__DUPLICATE_METHOD_MATCH = YES;
				CODE_SIGN_IDENTITY = "iPhone Developer";
				COPY_PHASE_STRIP = NO;
				DEBUG_INFORMATION_FORMAT = "dwarf-with-dsym";
				ENABLE_NS_ASSERTIONS = NO;
				ENABLE_STRICT_OBJC_MSGSEND = YES;
				GCC_C_LANGUAGE_STANDARD = gnu11;
				GCC_NO_COMMON_BLOCKS = YES;
				GCC_WARN_64_TO_32_BIT_CONVERSION = YES;
				GCC_WARN_ABOUT_RETURN_TYPE = YES_ERROR;
				GCC_WARN_UNDECLARED_SELECTOR = YES;
				GCC_WARN_UNINITIALIZED_AUTOS = YES_AGGRESSIVE;
				GCC_WARN_UNUSED_FUNCTION = YES;
				GCC_WARN_UNUSED_VARIABLE = YES;
				IPHONEOS_DEPLOYMENT_TARGET = 12.0;
				MTL_ENABLE_DEBUG_INFO = NO;
				MTL_FAST_MATH = YES;
				SDKROOT = iphoneos;
				SWIFT_COMPILATION_MODE = wholemodule;
				SWIFT_OPTIMIZATION_LEVEL = "-O";
				VALIDATE_PRODUCT = YES;
			};
			name = Release;
		};
		C8DEE51D217DE367005FBC72 /* Debug */ = {
			isa = XCBuildConfiguration;
			buildSettings = {
				ASSETCATALOG_COMPILER_APPICON_NAME = AppIcon;
				CODE_SIGN_STYLE = Automatic;
				DEVELOPMENT_TEAM = WPE693A978;
				INFOPLIST_FILE = TestCodeClimate/Info.plist;
				LD_RUNPATH_SEARCH_PATHS = (
					"$(inherited)",
					"@executable_path/Frameworks",
				);
				PRODUCT_BUNDLE_IDENTIFIER = com.sftnhrd.TestCodeClimate;
				PRODUCT_NAME = "$(TARGET_NAME)";
				SWIFT_VERSION = 4.2;
				TARGETED_DEVICE_FAMILY = "1,2";
			};
			name = Debug;
		};
		C8DEE51E217DE367005FBC72 /* Release */ = {
			isa = XCBuildConfiguration;
			buildSettings = {
				ASSETCATALOG_COMPILER_APPICON_NAME = AppIcon;
				CODE_SIGN_STYLE = Automatic;
				DEVELOPMENT_TEAM = WPE693A978;
				INFOPLIST_FILE = TestCodeClimate/Info.plist;
				LD_RUNPATH_SEARCH_PATHS = (
					"$(inherited)",
					"@executable_path/Frameworks",
				);
				PRODUCT_BUNDLE_IDENTIFIER = com.sftnhrd.TestCodeClimate;
				PRODUCT_NAME = "$(TARGET_NAME)";
				SWIFT_VERSION = 4.2;
				TARGETED_DEVICE_FAMILY = "1,2";
			};
			name = Release;
		};
		C8DEE520217DE367005FBC72 /* Debug */ = {
			isa = XCBuildConfiguration;
			buildSettings = {
				ALWAYS_EMBED_SWIFT_STANDARD_LIBRARIES = YES;
				BUNDLE_LOADER = "$(TEST_HOST)";
				CODE_SIGN_STYLE = Automatic;
				DEVELOPMENT_TEAM = WPE693A978;
				INFOPLIST_FILE = TestCodeClimateTests/Info.plist;
				LD_RUNPATH_SEARCH_PATHS = (
					"$(inherited)",
					"@executable_path/Frameworks",
					"@loader_path/Frameworks",
				);
				PRODUCT_BUNDLE_IDENTIFIER = com.sftnhrd.TestCodeClimateTests;
				PRODUCT_NAME = "$(TARGET_NAME)";
				SWIFT_VERSION = 4.2;
				TARGETED_DEVICE_FAMILY = "1,2";
				TEST_HOST = "$(BUILT_PRODUCTS_DIR)/TestCodeClimate.app/TestCodeClimate";
			};
			name = Debug;
		};
		C8DEE521217DE367005FBC72 /* Release */ = {
			isa = XCBuildConfiguration;
			buildSettings = {
				ALWAYS_EMBED_SWIFT_STANDARD_LIBRARIES = YES;
				BUNDLE_LOADER = "$(TEST_HOST)";
				CODE_SIGN_STYLE = Automatic;
				DEVELOPMENT_TEAM = WPE693A978;
				INFOPLIST_FILE = TestCodeClimateTests/Info.plist;
				LD_RUNPATH_SEARCH_PATHS = (
					"$(inherited)",
					"@executable_path/Frameworks",
					"@loader_path/Frameworks",
				);
				PRODUCT_BUNDLE_IDENTIFIER = com.sftnhrd.TestCodeClimateTests;
				PRODUCT_NAME = "$(TARGET_NAME)";
				SWIFT_VERSION = 4.2;
				TARGETED_DEVICE_FAMILY = "1,2";
				TEST_HOST = "$(BUILT_PRODUCTS_DIR)/TestCodeClimate.app/TestCodeClimate";
			};
			name = Release;
		};
/* End XCBuildConfiguration section */

/* Begin XCConfigurationList section */
		C8DEE4FA217DE365005FBC72 /* Build configuration list for PBXProject "TestCodeClimate" */ = {
			isa = XCConfigurationList;
			buildConfigurations = (
				C8DEE51A217DE367005FBC72 /* Debug */,
				C8DEE51B217DE367005FBC72 /* Release */,
			);
			defaultConfigurationIsVisible = 0;
			defaultConfigurationName = Release;
		};
		C8DEE51C217DE367005FBC72 /* Build configuration list for PBXNativeTarget "TestCodeClimate" */ = {
			isa = XCConfigurationList;
			buildConfigurations = (
				C8DEE51D217DE367005FBC72 /* Debug */,
				C8DEE51E217DE367005FBC72 /* Release */,
			);
			defaultConfigurationIsVisible = 0;
			defaultConfigurationName = Release;
		};
		C8DEE51F217DE367005FBC72 /* Build configuration list for PBXNativeTarget "TestCodeClimateTests" */ = {
			isa = XCConfigurationList;
			buildConfigurations = (
				C8DEE520217DE367005FBC72 /* Debug */,
				C8DEE521217DE367005FBC72 /* Release */,
			);
			defaultConfigurationIsVisible = 0;
			defaultConfigurationName = Release;
		};
/* End XCConfigurationList section */
	};
	rootObject = C8DEE4F7217DE365005FBC72 /* Project object */;
}
